
Microsoft Visual Studio Solution File, Format Version 12.00
# Visual Studio 14
VisualStudioVersion = 14.0.25420.1
MinimumVisualStudioVersion = 10.0.40219.1
Project("{FAE04EC0-301F-11D3-BF4B-00C04F79EFBC}") = "BoxOms.Web", "BoxOms.Web\BoxOms.Web.csproj", "{FD785F89-069B-4CB7-B7D5-11C3E29A246C}"
EndProject
Project("{2150E333-8FDC-42A3-9474-1A3956D46DE8}") = "100-Database", "100-Database", "{A1E91EC4-C852-45B9-B7F8-EF46776B6E6E}"
EndProject
Project("{2150E333-8FDC-42A3-9474-1A3956D46DE8}") = "03-Web                        网站界面", "03-Web                        网站界面", "{653B1F26-63F7-4D28-B80E-4E9F49575E61}"
EndProject
Project("{2150E333-8FDC-42A3-9474-1A3956D46DE8}") = "05-WindowsService       Windows服务", "05-WindowsService       Windows服务", "{D38A6A3D-94F3-4AA4-A4FE-DE6001CF51CE}"
EndProject
Project("{2150E333-8FDC-42A3-9474-1A3956D46DE8}") = "01-Core                        通用", "01-Core                        通用", "{F4E8F348-7AAE-4DCD-ADC3-47BBB8F45BE9}"
EndProject
Project("{FAE04EC0-301F-11D3-BF4B-00C04F79EFBC}") = "BoxOms.Database", "BoxOms.Database\BoxOms.Database.csproj", "{A353D88E-6113-4C2A-BF45-D26909A82D75}"
EndProject
Project("{FAE04EC0-301F-11D3-BF4B-00C04F79EFBC}") = "OMS.Common", "OMS.Common\OMS.Common.csproj", "{52AC54C0-FFC5-49A4-AE15-3037F96C203F}"
EndProject
Project("{FAE04EC0-301F-11D3-BF4B-00C04F79EFBC}") = "BoxOms.Dict", "BoxOms.Dict\BoxOms.Dict.csproj", "{0EDD99CC-CBB6-4D26-BB13-D9CF4BAF408F}"
EndProject
Project("{FAE04EC0-301F-11D3-BF4B-00C04F79EFBC}") = "OMS.WindowsService", "OMS.WindowsService\OMS.WindowsService.csproj", "{BC4F8074-027E-4206-9C5B-AAC6BF076129}"
EndProject
Project("{2150E333-8FDC-42A3-9474-1A3956D46DE8}") = "99-ModDataTool", "99-ModDataTool", "{E977159B-12FB-4E28-B896-7FA231EAA4DE}"
EndProject
Project("{FAE04EC0-301F-11D3-BF4B-00C04F79EFBC}") = "mdt", "mdt\mdt.csproj", "{30B1A1F6-D2E0-4183-8862-1554E231D278}"
EndProject
Project("{2150E333-8FDC-42A3-9474-1A3956D46DE8}") = "02-Services                   业务逻辑", "02-Services                   业务逻辑", "{C804C19A-5DB6-4F19-B592-2BB167760FAD}"
EndProject
Project("{2150E333-8FDC-42A3-9474-1A3956D46DE8}") = "01-优教学", "01-优教学", "{11958CCD-D867-43C4-BAFD-6AED4C1312D2}"
EndProject
Project("{2150E333-8FDC-42A3-9474-1A3956D46DE8}") = "02-智慧教室", "02-智慧教室", "{942881E3-D66B-48D8-8CC7-D38206B76EC7}"
EndProject
Project("{2150E333-8FDC-42A3-9474-1A3956D46DE8}") = "03-金太阳盒子", "03-金太阳盒子", "{786C30AC-843D-45B7-8BDB-BE46B0A750A0}"
EndProject
Project("{FAE04EC0-301F-11D3-BF4B-00C04F79EFBC}") = "OMS.Yjx.Service", "OMS.Yjx.Service\OMS.Yjx.Service.csproj", "{5605E30B-52A8-477D-8D35-A04746C5BF3A}"
EndProject
Project("{FAE04EC0-301F-11D3-BF4B-00C04F79EFBC}") = "OMS.Scrm.Service", "OMS.Scrm.Service\OMS.Scrm.Service.csproj", "{450BF1B3-4DC6-45A2-B153-0FBA8C5C56E8}"
EndProject
Project("{FAE04EC0-301F-11D3-BF4B-00C04F79EFBC}") = "OMS.Yjx.Db.Local", "OMS.Yjx.Db.Local\OMS.Yjx.Db.Local.csproj", "{3790EEDE-A77D-4638-9C2E-0356E68C98A7}"
EndProject
Project("{FAE04EC0-301F-11D3-BF4B-00C04F79EFBC}") = "OMS.Yjx.Db.Online", "OMS.Yjx.Db.Online\OMS.Yjx.Db.Online.csproj", "{A50C188D-B56E-4124-87B3-CC3F460B77EA}"
EndProject
Project("{FAE04EC0-301F-11D3-BF4B-00C04F79EFBC}") = "OMS.Scrm.Db.Local", "OMS.Scrm.Db.Local\OMS.Scrm.Db.Local.csproj", "{1C0DACF3-95C4-4A4B-B877-B2BE91518B54}"
EndProject
Project("{2150E333-8FDC-42A3-9474-1A3956D46DE8}") = "04-WindowsApplication Windows应用程序", "04-WindowsApplication Windows应用程序", "{7AB0E1B9-0F03-4D0C-BD89-CCC7BF27E1F2}"
EndProject
Project("{2150E333-8FDC-42A3-9474-1A3956D46DE8}") = "01-优教学", "01-优教学", "{CD1DDF24-7AAC-48E0-ADAD-9618FF228AFB}"
EndProject
Project("{2150E333-8FDC-42A3-9474-1A3956D46DE8}") = "02-智慧教室", "02-智慧教室", "{237E3F20-926F-461C-B024-54329666C37E}"
EndProject
Project("{2150E333-8FDC-42A3-9474-1A3956D46DE8}") = "03-金太阳盒子", "03-金太阳盒子", "{F2646649-5B90-463B-9A76-C61345AA1ACF}"
EndProject
Project("{2150E333-8FDC-42A3-9474-1A3956D46DE8}") = "00-核心主体", "00-核心主体", "{9C7B4BA6-62CF-4BAF-AE52-06EED1C9E838}"
EndProject
Global
	GlobalSection(SolutionConfigurationPlatforms) = preSolution
		Debug|Any CPU = Debug|Any CPU
		Release|Any CPU = Release|Any CPU
	EndGlobalSection
	GlobalSection(ProjectConfigurationPlatforms) = postSolution
		{FD785F89-069B-4CB7-B7D5-11C3E29A246C}.Debug|Any CPU.ActiveCfg = Debug|Any CPU
		{FD785F89-069B-4CB7-B7D5-11C3E29A246C}.Debug|Any CPU.Build.0 = Debug|Any CPU
		{FD785F89-069B-4CB7-B7D5-11C3E29A246C}.Release|Any CPU.ActiveCfg = Release|Any CPU
		{FD785F89-069B-4CB7-B7D5-11C3E29A246C}.Release|Any CPU.Build.0 = Release|Any CPU
		{A353D88E-6113-4C2A-BF45-D26909A82D75}.Debug|Any CPU.ActiveCfg = Debug|Any CPU
		{A353D88E-6113-4C2A-BF45-D26909A82D75}.Debug|Any CPU.Build.0 = Debug|Any CPU
		{A353D88E-6113-4C2A-BF45-D26909A82D75}.Release|Any CPU.ActiveCfg = Release|Any CPU
		{A353D88E-6113-4C2A-BF45-D26909A82D75}.Release|Any CPU.Build.0 = Release|Any CPU
		{52AC54C0-FFC5-49A4-AE15-3037F96C203F}.Debug|Any CPU.ActiveCfg = Debug|Any CPU
		{52AC54C0-FFC5-49A4-AE15-3037F96C203F}.Debug|Any CPU.Build.0 = Debug|Any CPU
		{52AC54C0-FFC5-49A4-AE15-3037F96C203F}.Release|Any CPU.ActiveCfg = Release|Any CPU
		{52AC54C0-FFC5-49A4-AE15-3037F96C203F}.Release|Any CPU.Build.0 = Release|Any CPU
		{0EDD99CC-CBB6-4D26-BB13-D9CF4BAF408F}.Debug|Any CPU.ActiveCfg = Debug|Any CPU
		{0EDD99CC-CBB6-4D26-BB13-D9CF4BAF408F}.Debug|Any CPU.Build.0 = Debug|Any CPU
		{0EDD99CC-CBB6-4D26-BB13-D9CF4BAF408F}.Release|Any CPU.ActiveCfg = Release|Any CPU
		{0EDD99CC-CBB6-4D26-BB13-D9CF4BAF408F}.Release|Any CPU.Build.0 = Release|Any CPU
		{BC4F8074-027E-4206-9C5B-AAC6BF076129}.Debug|Any CPU.ActiveCfg = Debug|Any CPU
		{BC4F8074-027E-4206-9C5B-AAC6BF076129}.Debug|Any CPU.Build.0 = Debug|Any CPU
		{BC4F8074-027E-4206-9C5B-AAC6BF076129}.Release|Any CPU.ActiveCfg = Release|Any CPU
		{BC4F8074-027E-4206-9C5B-AAC6BF076129}.Release|Any CPU.Build.0 = Release|Any CPU
		{30B1A1F6-D2E0-4183-8862-1554E231D278}.Debug|Any CPU.ActiveCfg = Debug|Any CPU
		{30B1A1F6-D2E0-4183-8862-1554E231D278}.Debug|Any CPU.Build.0 = Debug|Any CPU
		{30B1A1F6-D2E0-4183-8862-1554E231D278}.Release|Any CPU.ActiveCfg = Release|Any CPU
		{30B1A1F6-D2E0-4183-8862-1554E231D278}.Release|Any CPU.Build.0 = Release|Any CPU
		{5605E30B-52A8-477D-8D35-A04746C5BF3A}.Debug|Any CPU.ActiveCfg = Debug|Any CPU
		{5605E30B-52A8-477D-8D35-A04746C5BF3A}.Debug|Any CPU.Build.0 = Debug|Any CPU
		{5605E30B-52A8-477D-8D35-A04746C5BF3A}.Release|Any CPU.ActiveCfg = Release|Any CPU
		{5605E30B-52A8-477D-8D35-A04746C5BF3A}.Release|Any CPU.Build.0 = Release|Any CPU
		{450BF1B3-4DC6-45A2-B153-0FBA8C5C56E8}.Debug|Any CPU.ActiveCfg = Debug|Any CPU
		{450BF1B3-4DC6-45A2-B153-0FBA8C5C56E8}.Debug|Any CPU.Build.0 = Debug|Any CPU
		{450BF1B3-4DC6-45A2-B153-0FBA8C5C56E8}.Release|Any CPU.ActiveCfg = Release|Any CPU
		{450BF1B3-4DC6-45A2-B153-0FBA8C5C56E8}.Release|Any CPU.Build.0 = Release|Any CPU
		{3790EEDE-A77D-4638-9C2E-0356E68C98A7}.Debug|Any CPU.ActiveCfg = Debug|Any CPU
		{3790EEDE-A77D-4638-9C2E-0356E68C98A7}.Debug|Any CPU.Build.0 = Debug|Any CPU
		{3790EEDE-A77D-4638-9C2E-0356E68C98A7}.Release|Any CPU.ActiveCfg = Release|Any CPU
		{3790EEDE-A77D-4638-9C2E-0356E68C98A7}.Release|Any CPU.Build.0 = Release|Any CPU
		{A50C188D-B56E-4124-87B3-CC3F460B77EA}.Debug|Any CPU.ActiveCfg = Debug|Any CPU
		{A50C188D-B56E-4124-87B3-CC3F460B77EA}.Debug|Any CPU.Build.0 = Debug|Any CPU
		{A50C188D-B56E-4124-87B3-CC3F460B77EA}.Release|Any CPU.ActiveCfg = Release|Any CPU
		{A50C188D-B56E-4124-87B3-CC3F460B77EA}.Release|Any CPU.Build.0 = Release|Any CPU
		{1C0DACF3-95C4-4A4B-B877-B2BE91518B54}.Debug|Any CPU.ActiveCfg = Debug|Any CPU
		{1C0DACF3-95C4-4A4B-B877-B2BE91518B54}.Debug|Any CPU.Build.0 = Debug|Any CPU
		{1C0DACF3-95C4-4A4B-B877-B2BE91518B54}.Release|Any CPU.ActiveCfg = Release|Any CPU
		{1C0DACF3-95C4-4A4B-B877-B2BE91518B54}.Release|Any CPU.Build.0 = Release|Any CPU
	EndGlobalSection
	GlobalSection(SolutionProperties) = preSolution
		HideSolutionNode = FALSE
	EndGlobalSection
	GlobalSection(NestedProjects) = preSolution
		{FD785F89-069B-4CB7-B7D5-11C3E29A246C} = {653B1F26-63F7-4D28-B80E-4E9F49575E61}
		{A353D88E-6113-4C2A-BF45-D26909A82D75} = {A1E91EC4-C852-45B9-B7F8-EF46776B6E6E}
		{52AC54C0-FFC5-49A4-AE15-3037F96C203F} = {F4E8F348-7AAE-4DCD-ADC3-47BBB8F45BE9}
		{0EDD99CC-CBB6-4D26-BB13-D9CF4BAF408F} = {F4E8F348-7AAE-4DCD-ADC3-47BBB8F45BE9}
		{BC4F8074-027E-4206-9C5B-AAC6BF076129} = {D38A6A3D-94F3-4AA4-A4FE-DE6001CF51CE}
		{30B1A1F6-D2E0-4183-8862-1554E231D278} = {E977159B-12FB-4E28-B896-7FA231EAA4DE}
		{11958CCD-D867-43C4-BAFD-6AED4C1312D2} = {C804C19A-5DB6-4F19-B592-2BB167760FAD}
		{942881E3-D66B-48D8-8CC7-D38206B76EC7} = {C804C19A-5DB6-4F19-B592-2BB167760FAD}
		{786C30AC-843D-45B7-8BDB-BE46B0A750A0} = {C804C19A-5DB6-4F19-B592-2BB167760FAD}
		{5605E30B-52A8-477D-8D35-A04746C5BF3A} = {11958CCD-D867-43C4-BAFD-6AED4C1312D2}
		{450BF1B3-4DC6-45A2-B153-0FBA8C5C56E8} = {942881E3-D66B-48D8-8CC7-D38206B76EC7}
		{3790EEDE-A77D-4638-9C2E-0356E68C98A7} = {11958CCD-D867-43C4-BAFD-6AED4C1312D2}
		{A50C188D-B56E-4124-87B3-CC3F460B77EA} = {11958CCD-D867-43C4-BAFD-6AED4C1312D2}
		{1C0DACF3-95C4-4A4B-B877-B2BE91518B54} = {942881E3-D66B-48D8-8CC7-D38206B76EC7}
		{CD1DDF24-7AAC-48E0-ADAD-9618FF228AFB} = {7AB0E1B9-0F03-4D0C-BD89-CCC7BF27E1F2}
		{237E3F20-926F-461C-B024-54329666C37E} = {7AB0E1B9-0F03-4D0C-BD89-CCC7BF27E1F2}
		{F2646649-5B90-463B-9A76-C61345AA1ACF} = {7AB0E1B9-0F03-4D0C-BD89-CCC7BF27E1F2}
		{9C7B4BA6-62CF-4BAF-AE52-06EED1C9E838} = {C804C19A-5DB6-4F19-B592-2BB167760FAD}
	EndGlobalSection
EndGlobal
